
Microsoft Visual Studio Solution File, Format Version 12.00
# Visual Studio 14
VisualStudioVersion = 14.0.25420.1
MinimumVisualStudioVersion = 10.0.40219.1
Project("{FAE04EC0-301F-11D3-BF4B-00C04F79EFBC}") = "Training Graphics", "Training Graphics\Training Graphics.csproj", "{38FDCC7B-6601-43DD-ACB9-C636FA521F91}"
EndProject
Global
	GlobalSection(SolutionConfigurationPlatforms) = preSolution
		Debug|Any CPU = Debug|Any CPU
		Release|Any CPU = Release|Any CPU
	EndGlobalSection
	GlobalSection(ProjectConfigurationPlatforms) = postSolution
		{38FDCC7B-6601-43DD-ACB9-C636FA521F91}.Debug|Any CPU.ActiveCfg = Debug|Any CPU
		{38FDCC7B-6601-43DD-ACB9-C636FA521F91}.Debug|Any CPU.Build.0 = Debug|Any CPU
		{38FDCC7B-6601-43DD-ACB9-C636FA521F91}.Release|Any CPU.ActiveCfg = Release|Any CPU
		{38FDCC7B-6601-43DD-ACB9-C636FA521F91}.Release|Any CPU.Build.0 = Release|Any CPU
	EndGlobalSection
	GlobalSection(SolutionProperties) = preSolution
		HideSolutionNode = FALSE
	EndGlobalSection
EndGlobal
